// !$*UTF8*$!
{
	archiveVersion = 1;
	classes = {
	};
	objectVersion = 55;
	objects = {

/* Begin PBXBuildFile section */
		41FC9F617C0B2A079401348C /* Pods_messager_appTests.framework in Frameworks */ = {isa = PBXBuildFile; fileRef = 8BEF8BE9BCD28772B612F77F /* Pods_messager_appTests.framework */; };
		4DDC7E9B4DD7F647326FF54E /* AmplifyModels.swift in Sources */ = {isa = PBXBuildFile; fileRef = 5AB113C5BFB620FCFEAB856C /* AmplifyModels.swift */; };
		677C6317FE4E552DE776029C /* Pods_messager_app_messager_appUITests.framework in Frameworks */ = {isa = PBXBuildFile; fileRef = B31A4223E3AC74F06558090E /* Pods_messager_app_messager_appUITests.framework */; };
		87EA72F3A731C29541803868 /* Message.swift in Sources */ = {isa = PBXBuildFile; fileRef = 31E0D0C47E25E9A6A93DC024 /* Message.swift */; };
		8AF2258137E31D63A9385CC4 /* awsconfiguration.json in Resources */ = {isa = PBXBuildFile; fileRef = E3F9C8CE1CFD90613DD45401 /* awsconfiguration.json */; };
		9F11C9F0279CCEB50012AB33 /* messager_appApp.swift in Sources */ = {isa = PBXBuildFile; fileRef = 9F11C9EF279CCEB50012AB33 /* messager_appApp.swift */; };
		9F11C9F2279CCEB50012AB33 /* ContentView.swift in Sources */ = {isa = PBXBuildFile; fileRef = 9F11C9F1279CCEB50012AB33 /* ContentView.swift */; };
		9F11C9F4279CCEB60012AB33 /* Assets.xcassets in Resources */ = {isa = PBXBuildFile; fileRef = 9F11C9F3279CCEB60012AB33 /* Assets.xcassets */; };
		9F11C9F7279CCEB60012AB33 /* Preview Assets.xcassets in Resources */ = {isa = PBXBuildFile; fileRef = 9F11C9F6279CCEB60012AB33 /* Preview Assets.xcassets */; };
		9F11CA01279CCEB60012AB33 /* messager_appTests.swift in Sources */ = {isa = PBXBuildFile; fileRef = 9F11CA00279CCEB60012AB33 /* messager_appTests.swift */; };
		9F11CA0B279CCEB60012AB33 /* messager_appUITests.swift in Sources */ = {isa = PBXBuildFile; fileRef = 9F11CA0A279CCEB60012AB33 /* messager_appUITests.swift */; };
		9F11CA0D279CCEB60012AB33 /* messager_appUITestsLaunchTests.swift in Sources */ = {isa = PBXBuildFile; fileRef = 9F11CA0C279CCEB60012AB33 /* messager_appUITestsLaunchTests.swift */; };
		9F11CA1A279CD6260012AB33 /* amplifyconfiguration.json in Resources */ = {isa = PBXBuildFile; fileRef = 9F11CA19279CD6260012AB33 /* amplifyconfiguration.json */; };
		9F11CA1C279CD62E0012AB33 /* awsconfiguration.json in Resources */ = {isa = PBXBuildFile; fileRef = 9F11CA1B279CD62E0012AB33 /* awsconfiguration.json */; };
		9F11CA21279CD7080012AB33 /* AmplifyModels.swift in Sources */ = {isa = PBXBuildFile; fileRef = 9F11CA1E279CD7080012AB33 /* AmplifyModels.swift */; };
		9F11CA22279CD7080012AB33 /* Message.swift in Sources */ = {isa = PBXBuildFile; fileRef = 9F11CA1F279CD7080012AB33 /* Message.swift */; };
		9F11CA23279CD7080012AB33 /* Message+Schema.swift in Sources */ = {isa = PBXBuildFile; fileRef = 9F11CA20279CD7080012AB33 /* Message+Schema.swift */; };
		9F11CA2C279CDFEE0012AB33 /* MessagesView.swift in Sources */ = {isa = PBXBuildFile; fileRef = 9F11CA2B279CDFEE0012AB33 /* MessagesView.swift */; };
		9F11CA2E279D1A830012AB33 /* MessageRow.swift in Sources */ = {isa = PBXBuildFile; fileRef = 9F11CA2D279D1A830012AB33 /* MessageRow.swift */; };
		9F11CA30279D1E790012AB33 /* AmplifyConnect.swift in Sources */ = {isa = PBXBuildFile; fileRef = 9F11CA2F279D1E790012AB33 /* AmplifyConnect.swift */; };
		C8FA0C600A42237666852D31 /* Message+Schema.swift in Sources */ = {isa = PBXBuildFile; fileRef = A807A22EAAFEF99D99F6FD4C /* Message+Schema.swift */; };
		EC93227298929A2C8D950859 /* amplifyconfiguration.json in Resources */ = {isa = PBXBuildFile; fileRef = 6A94E69A71856F833B44734A /* amplifyconfiguration.json */; };
		FFF67CE80D9DFF111E0756A7 /* Pods_messager_app.framework in Frameworks */ = {isa = PBXBuildFile; fileRef = AFC8790C0FD559168E682F7C /* Pods_messager_app.framework */; };
/* End PBXBuildFile section */

/* Begin PBXContainerItemProxy section */
		9F11C9FD279CCEB60012AB33 /* PBXContainerItemProxy */ = {
			isa = PBXContainerItemProxy;
			containerPortal = 9F11C9E4279CCEB50012AB33 /* Project object */;
			proxyType = 1;
			remoteGlobalIDString = 9F11C9EB279CCEB50012AB33;
			remoteInfo = "messager-app";
		};
		9F11CA07279CCEB60012AB33 /* PBXContainerItemProxy */ = {
			isa = PBXContainerItemProxy;
			containerPortal = 9F11C9E4279CCEB50012AB33 /* Project object */;
			proxyType = 1;
			remoteGlobalIDString = 9F11C9EB279CCEB50012AB33;
			remoteInfo = "messager-app";
		};
/* End PBXContainerItemProxy section */

/* Begin PBXFileReference section */
		1F1C2B1F42E46731EA948573 /* Pods-messager-app-messager-appUITests.debug.xcconfig */ = {isa = PBXFileReference; includeInIndex = 1; lastKnownFileType = text.xcconfig; name = "Pods-messager-app-messager-appUITests.debug.xcconfig"; path = "Target Support Files/Pods-messager-app-messager-appUITests/Pods-messager-app-messager-appUITests.debug.xcconfig"; sourceTree = "<group>"; };
		31E0D0C47E25E9A6A93DC024 /* Message.swift */ = {isa = PBXFileReference; explicitFileType = sourcecode.swift; name = Message.swift; path = amplify/generated/models/Message.swift; sourceTree = "<group>"; };
		541120C35401C6F5206E8782 /* Pods-messager-app-messager-appUITests.release.xcconfig */ = {isa = PBXFileReference; includeInIndex = 1; lastKnownFileType = text.xcconfig; name = "Pods-messager-app-messager-appUITests.release.xcconfig"; path = "Target Support Files/Pods-messager-app-messager-appUITests/Pods-messager-app-messager-appUITests.release.xcconfig"; sourceTree = "<group>"; };
		5AB113C5BFB620FCFEAB856C /* AmplifyModels.swift */ = {isa = PBXFileReference; explicitFileType = sourcecode.swift; name = AmplifyModels.swift; path = amplify/generated/models/AmplifyModels.swift; sourceTree = "<group>"; };
		6A94E69A71856F833B44734A /* amplifyconfiguration.json */ = {isa = PBXFileReference; explicitFileType = text.json; path = amplifyconfiguration.json; sourceTree = "<group>"; };
		739DBE268A4ED05A9916CBB1 /* Pods-messager-appTests.debug.xcconfig */ = {isa = PBXFileReference; includeInIndex = 1; lastKnownFileType = text.xcconfig; name = "Pods-messager-appTests.debug.xcconfig"; path = "Target Support Files/Pods-messager-appTests/Pods-messager-appTests.debug.xcconfig"; sourceTree = "<group>"; };
		8BEF8BE9BCD28772B612F77F /* Pods_messager_appTests.framework */ = {isa = PBXFileReference; explicitFileType = wrapper.framework; includeInIndex = 0; path = Pods_messager_appTests.framework; sourceTree = BUILT_PRODUCTS_DIR; };
		9F11C9EC279CCEB50012AB33 /* messager-app.app */ = {isa = PBXFileReference; explicitFileType = wrapper.application; includeInIndex = 0; path = "messager-app.app"; sourceTree = BUILT_PRODUCTS_DIR; };
		9F11C9EF279CCEB50012AB33 /* messager_appApp.swift */ = {isa = PBXFileReference; lastKnownFileType = sourcecode.swift; path = messager_appApp.swift; sourceTree = "<group>"; };
		9F11C9F1279CCEB50012AB33 /* ContentView.swift */ = {isa = PBXFileReference; lastKnownFileType = sourcecode.swift; path = ContentView.swift; sourceTree = "<group>"; };
		9F11C9F3279CCEB60012AB33 /* Assets.xcassets */ = {isa = PBXFileReference; lastKnownFileType = folder.assetcatalog; path = Assets.xcassets; sourceTree = "<group>"; };
		9F11C9F6279CCEB60012AB33 /* Preview Assets.xcassets */ = {isa = PBXFileReference; lastKnownFileType = folder.assetcatalog; path = "Preview Assets.xcassets"; sourceTree = "<group>"; };
		9F11C9FC279CCEB60012AB33 /* messager-appTests.xctest */ = {isa = PBXFileReference; explicitFileType = wrapper.cfbundle; includeInIndex = 0; path = "messager-appTests.xctest"; sourceTree = BUILT_PRODUCTS_DIR; };
		9F11CA00279CCEB60012AB33 /* messager_appTests.swift */ = {isa = PBXFileReference; lastKnownFileType = sourcecode.swift; path = messager_appTests.swift; sourceTree = "<group>"; };
		9F11CA06279CCEB60012AB33 /* messager-appUITests.xctest */ = {isa = PBXFileReference; explicitFileType = wrapper.cfbundle; includeInIndex = 0; path = "messager-appUITests.xctest"; sourceTree = BUILT_PRODUCTS_DIR; };
		9F11CA0A279CCEB60012AB33 /* messager_appUITests.swift */ = {isa = PBXFileReference; lastKnownFileType = sourcecode.swift; path = messager_appUITests.swift; sourceTree = "<group>"; };
		9F11CA0C279CCEB60012AB33 /* messager_appUITestsLaunchTests.swift */ = {isa = PBXFileReference; lastKnownFileType = sourcecode.swift; path = messager_appUITestsLaunchTests.swift; sourceTree = "<group>"; };
		9F11CA19279CD6260012AB33 /* amplifyconfiguration.json */ = {isa = PBXFileReference; fileEncoding = 4; lastKnownFileType = text.json; path = amplifyconfiguration.json; sourceTree = SOURCE_ROOT; };
		9F11CA1B279CD62E0012AB33 /* awsconfiguration.json */ = {isa = PBXFileReference; fileEncoding = 4; lastKnownFileType = text.json; path = awsconfiguration.json; sourceTree = SOURCE_ROOT; };
		9F11CA1E279CD7080012AB33 /* AmplifyModels.swift */ = {isa = PBXFileReference; fileEncoding = 4; lastKnownFileType = sourcecode.swift; path = AmplifyModels.swift; sourceTree = "<group>"; };
		9F11CA1F279CD7080012AB33 /* Message.swift */ = {isa = PBXFileReference; fileEncoding = 4; lastKnownFileType = sourcecode.swift; path = Message.swift; sourceTree = "<group>"; };
		9F11CA20279CD7080012AB33 /* Message+Schema.swift */ = {isa = PBXFileReference; fileEncoding = 4; lastKnownFileType = sourcecode.swift; path = "Message+Schema.swift"; sourceTree = "<group>"; };
		9F11CA2B279CDFEE0012AB33 /* MessagesView.swift */ = {isa = PBXFileReference; lastKnownFileType = sourcecode.swift; path = MessagesView.swift; sourceTree = "<group>"; };
		9F11CA2D279D1A830012AB33 /* MessageRow.swift */ = {isa = PBXFileReference; lastKnownFileType = sourcecode.swift; path = MessageRow.swift; sourceTree = "<group>"; };
		9F11CA2F279D1E790012AB33 /* AmplifyConnect.swift */ = {isa = PBXFileReference; lastKnownFileType = sourcecode.swift; path = AmplifyConnect.swift; sourceTree = "<group>"; };
		A807A22EAAFEF99D99F6FD4C /* Message+Schema.swift */ = {isa = PBXFileReference; explicitFileType = sourcecode.swift; name = "Message+Schema.swift"; path = "amplify/generated/models/Message+Schema.swift"; sourceTree = "<group>"; };
		AFC8790C0FD559168E682F7C /* Pods_messager_app.framework */ = {isa = PBXFileReference; explicitFileType = wrapper.framework; includeInIndex = 0; path = Pods_messager_app.framework; sourceTree = BUILT_PRODUCTS_DIR; };
		B31A4223E3AC74F06558090E /* Pods_messager_app_messager_appUITests.framework */ = {isa = PBXFileReference; explicitFileType = wrapper.framework; includeInIndex = 0; path = Pods_messager_app_messager_appUITests.framework; sourceTree = BUILT_PRODUCTS_DIR; };
		B45F3B3EDFB8B37D089C883F /* Pods-messager-app.release.xcconfig */ = {isa = PBXFileReference; includeInIndex = 1; lastKnownFileType = text.xcconfig; name = "Pods-messager-app.release.xcconfig"; path = "Target Support Files/Pods-messager-app/Pods-messager-app.release.xcconfig"; sourceTree = "<group>"; };
		D86DBD7790B7D1406FFA4F2C /* Pods-messager-app.debug.xcconfig */ = {isa = PBXFileReference; includeInIndex = 1; lastKnownFileType = text.xcconfig; name = "Pods-messager-app.debug.xcconfig"; path = "Target Support Files/Pods-messager-app/Pods-messager-app.debug.xcconfig"; sourceTree = "<group>"; };
		E3F9C8CE1CFD90613DD45401 /* awsconfiguration.json */ = {isa = PBXFileReference; explicitFileType = text.json; path = awsconfiguration.json; sourceTree = "<group>"; };
		F08848652257214C65EC6E52 /* Pods-messager-appTests.release.xcconfig */ = {isa = PBXFileReference; includeInIndex = 1; lastKnownFileType = text.xcconfig; name = "Pods-messager-appTests.release.xcconfig"; path = "Target Support Files/Pods-messager-appTests/Pods-messager-appTests.release.xcconfig"; sourceTree = "<group>"; };
/* End PBXFileReference section */

/* Begin PBXFrameworksBuildPhase section */
		9F11C9E9279CCEB50012AB33 /* Frameworks */ = {
			isa = PBXFrameworksBuildPhase;
			buildActionMask = 2147483647;
			files = (
				FFF67CE80D9DFF111E0756A7 /* Pods_messager_app.framework in Frameworks */,
			);
			runOnlyForDeploymentPostprocessing = 0;
		};
		9F11C9F9279CCEB60012AB33 /* Frameworks */ = {
			isa = PBXFrameworksBuildPhase;
			buildActionMask = 2147483647;
			files = (
				41FC9F617C0B2A079401348C /* Pods_messager_appTests.framework in Frameworks */,
			);
			runOnlyForDeploymentPostprocessing = 0;
		};
		9F11CA03279CCEB60012AB33 /* Frameworks */ = {
			isa = PBXFrameworksBuildPhase;
			buildActionMask = 2147483647;
			files = (
				677C6317FE4E552DE776029C /* Pods_messager_app_messager_appUITests.framework in Frameworks */,
			);
			runOnlyForDeploymentPostprocessing = 0;
		};
/* End PBXFrameworksBuildPhase section */

/* Begin PBXGroup section */
		08E66F4E84F22344473078DD /* AmplifyModels */ = {
			isa = PBXGroup;
			children = (
				5AB113C5BFB620FCFEAB856C /* AmplifyModels.swift */,
				A807A22EAAFEF99D99F6FD4C /* Message+Schema.swift */,
				31E0D0C47E25E9A6A93DC024 /* Message.swift */,
			);
			name = AmplifyModels;
			sourceTree = "<group>";
		};
		44D79FE3E7328B29BB418B36 /* Frameworks */ = {
			isa = PBXGroup;
			children = (
				AFC8790C0FD559168E682F7C /* Pods_messager_app.framework */,
				B31A4223E3AC74F06558090E /* Pods_messager_app_messager_appUITests.framework */,
				8BEF8BE9BCD28772B612F77F /* Pods_messager_appTests.framework */,
			);
			name = Frameworks;
			sourceTree = "<group>";
		};
		9F11C9E3279CCEB50012AB33 = {
			isa = PBXGroup;
			children = (
				9F11C9EE279CCEB50012AB33 /* messager-app */,
				9F11C9FF279CCEB60012AB33 /* messager-appTests */,
				9F11CA09279CCEB60012AB33 /* messager-appUITests */,
				9F11C9ED279CCEB50012AB33 /* Products */,
				AF4E2B84DBC5BB6D60ED498D /* AmplifyConfig */,
				EBD63909DBE3D2AEA938C162 /* Pods */,
				44D79FE3E7328B29BB418B36 /* Frameworks */,
				08E66F4E84F22344473078DD /* AmplifyModels */,
			);
			sourceTree = "<group>";
		};
		9F11C9ED279CCEB50012AB33 /* Products */ = {
			isa = PBXGroup;
			children = (
				9F11C9EC279CCEB50012AB33 /* messager-app.app */,
				9F11C9FC279CCEB60012AB33 /* messager-appTests.xctest */,
				9F11CA06279CCEB60012AB33 /* messager-appUITests.xctest */,
			);
			name = Products;
			sourceTree = "<group>";
		};
		9F11C9EE279CCEB50012AB33 /* messager-app */ = {
			isa = PBXGroup;
			children = (
				9F11CA1D279CD7080012AB33 /* models */,
				9F11CA1B279CD62E0012AB33 /* awsconfiguration.json */,
				9F11CA19279CD6260012AB33 /* amplifyconfiguration.json */,
				9F11C9EF279CCEB50012AB33 /* messager_appApp.swift */,
				9F11C9F1279CCEB50012AB33 /* ContentView.swift */,
				9F11C9F3279CCEB60012AB33 /* Assets.xcassets */,
				9F11C9F5279CCEB60012AB33 /* Preview Content */,
				9F11CA2B279CDFEE0012AB33 /* MessagesView.swift */,
				9F11CA2D279D1A830012AB33 /* MessageRow.swift */,
				9F11CA2F279D1E790012AB33 /* AmplifyConnect.swift */,
			);
			path = "messager-app";
			sourceTree = "<group>";
		};
		9F11C9F5279CCEB60012AB33 /* Preview Content */ = {
			isa = PBXGroup;
			children = (
				9F11C9F6279CCEB60012AB33 /* Preview Assets.xcassets */,
			);
			path = "Preview Content";
			sourceTree = "<group>";
		};
		9F11C9FF279CCEB60012AB33 /* messager-appTests */ = {
			isa = PBXGroup;
			children = (
				9F11CA00279CCEB60012AB33 /* messager_appTests.swift */,
			);
			path = "messager-appTests";
			sourceTree = "<group>";
		};
		9F11CA09279CCEB60012AB33 /* messager-appUITests */ = {
			isa = PBXGroup;
			children = (
				9F11CA0A279CCEB60012AB33 /* messager_appUITests.swift */,
				9F11CA0C279CCEB60012AB33 /* messager_appUITestsLaunchTests.swift */,
			);
			path = "messager-appUITests";
			sourceTree = "<group>";
		};
		9F11CA1D279CD7080012AB33 /* models */ = {
			isa = PBXGroup;
			children = (
				9F11CA1E279CD7080012AB33 /* AmplifyModels.swift */,
				9F11CA1F279CD7080012AB33 /* Message.swift */,
				9F11CA20279CD7080012AB33 /* Message+Schema.swift */,
			);
			name = models;
			path = amplify/generated/models;
			sourceTree = SOURCE_ROOT;
		};
		AF4E2B84DBC5BB6D60ED498D /* AmplifyConfig */ = {
			isa = PBXGroup;
			children = (
				E3F9C8CE1CFD90613DD45401 /* awsconfiguration.json */,
				6A94E69A71856F833B44734A /* amplifyconfiguration.json */,
			);
			name = AmplifyConfig;
			sourceTree = "<group>";
		};
		EBD63909DBE3D2AEA938C162 /* Pods */ = {
			isa = PBXGroup;
			children = (
				D86DBD7790B7D1406FFA4F2C /* Pods-messager-app.debug.xcconfig */,
				B45F3B3EDFB8B37D089C883F /* Pods-messager-app.release.xcconfig */,
				1F1C2B1F42E46731EA948573 /* Pods-messager-app-messager-appUITests.debug.xcconfig */,
				541120C35401C6F5206E8782 /* Pods-messager-app-messager-appUITests.release.xcconfig */,
				739DBE268A4ED05A9916CBB1 /* Pods-messager-appTests.debug.xcconfig */,
				F08848652257214C65EC6E52 /* Pods-messager-appTests.release.xcconfig */,
			);
			path = Pods;
			sourceTree = "<group>";
		};
/* End PBXGroup section */

/* Begin PBXNativeTarget section */
		9F11C9EB279CCEB50012AB33 /* messager-app */ = {
			isa = PBXNativeTarget;
			buildConfigurationList = 9F11CA10279CCEB60012AB33 /* Build configuration list for PBXNativeTarget "messager-app" */;
			buildPhases = (
				38D9AD21309E79C9A4ED92E0 /* [CP] Check Pods Manifest.lock */,
				9F11C9E8279CCEB50012AB33 /* Sources */,
				9F11C9E9279CCEB50012AB33 /* Frameworks */,
				9F11C9EA279CCEB50012AB33 /* Resources */,
				D9C1AE6F1601F64666443AFC /* [CP] Embed Pods Frameworks */,
			);
			buildRules = (
			);
			dependencies = (
			);
			name = "messager-app";
			packageProductDependencies = (
			);
			productName = "messager-app";
			productReference = 9F11C9EC279CCEB50012AB33 /* messager-app.app */;
			productType = "com.apple.product-type.application";
		};
		9F11C9FB279CCEB60012AB33 /* messager-appTests */ = {
			isa = PBXNativeTarget;
			buildConfigurationList = 9F11CA13279CCEB60012AB33 /* Build configuration list for PBXNativeTarget "messager-appTests" */;
			buildPhases = (
				00FA3E3B43DE2B3E02CA7008 /* [CP] Check Pods Manifest.lock */,
				9F11C9F8279CCEB60012AB33 /* Sources */,
				9F11C9F9279CCEB60012AB33 /* Frameworks */,
				9F11C9FA279CCEB60012AB33 /* Resources */,
			);
			buildRules = (
			);
			dependencies = (
				9F11C9FE279CCEB60012AB33 /* PBXTargetDependency */,
			);
			name = "messager-appTests";
			productName = "messager-appTests";
			productReference = 9F11C9FC279CCEB60012AB33 /* messager-appTests.xctest */;
			productType = "com.apple.product-type.bundle.unit-test";
		};
		9F11CA05279CCEB60012AB33 /* messager-appUITests */ = {
			isa = PBXNativeTarget;
			buildConfigurationList = 9F11CA16279CCEB60012AB33 /* Build configuration list for PBXNativeTarget "messager-appUITests" */;
			buildPhases = (
				C09EE3802F6EECA144D76A52 /* [CP] Check Pods Manifest.lock */,
				9F11CA02279CCEB60012AB33 /* Sources */,
				9F11CA03279CCEB60012AB33 /* Frameworks */,
				9F11CA04279CCEB60012AB33 /* Resources */,
				C889FDFF4495FDC6517E162A /* [CP] Embed Pods Frameworks */,
			);
			buildRules = (
			);
			dependencies = (
				9F11CA08279CCEB60012AB33 /* PBXTargetDependency */,
			);
			name = "messager-appUITests";
			productName = "messager-appUITests";
			productReference = 9F11CA06279CCEB60012AB33 /* messager-appUITests.xctest */;
			productType = "com.apple.product-type.bundle.ui-testing";
		};
/* End PBXNativeTarget section */

/* Begin PBXProject section */
		9F11C9E4279CCEB50012AB33 /* Project object */ = {
			isa = PBXProject;
			attributes = {
				BuildIndependentTargetsInParallel = 1;
				LastSwiftUpdateCheck = 1320;
				LastUpgradeCheck = 1320;
				TargetAttributes = {
					9F11C9EB279CCEB50012AB33 = {
						CreatedOnToolsVersion = 13.2.1;
					};
					9F11C9FB279CCEB60012AB33 = {
						CreatedOnToolsVersion = 13.2.1;
						TestTargetID = 9F11C9EB279CCEB50012AB33;
					};
					9F11CA05279CCEB60012AB33 = {
						CreatedOnToolsVersion = 13.2.1;
						TestTargetID = 9F11C9EB279CCEB50012AB33;
					};
				};
			};
			buildConfigurationList = 9F11C9E7279CCEB50012AB33 /* Build configuration list for PBXProject "messager-app" */;
			compatibilityVersion = "Xcode 13.0";
			developmentRegion = en;
			hasScannedForEncodings = 0;
			knownRegions = (
				en,
				Base,
			);
			mainGroup = 9F11C9E3279CCEB50012AB33;
			packageReferences = (
			);
			productRefGroup = 9F11C9ED279CCEB50012AB33 /* Products */;
			projectDirPath = "";
			projectRoot = "";
			targets = (
				9F11C9EB279CCEB50012AB33 /* messager-app */,
				9F11C9FB279CCEB60012AB33 /* messager-appTests */,
				9F11CA05279CCEB60012AB33 /* messager-appUITests */,
			);
		};
/* End PBXProject section */

/* Begin PBXResourcesBuildPhase section */
		9F11C9EA279CCEB50012AB33 /* Resources */ = {
			isa = PBXResourcesBuildPhase;
			buildActionMask = 2147483647;
			files = (
				9F11C9F7279CCEB60012AB33 /* Preview Assets.xcassets in Resources */,
				9F11C9F4279CCEB60012AB33 /* Assets.xcassets in Resources */,
				9F11CA1C279CD62E0012AB33 /* awsconfiguration.json in Resources */,
				9F11CA1A279CD6260012AB33 /* amplifyconfiguration.json in Resources */,
				8AF2258137E31D63A9385CC4 /* awsconfiguration.json in Resources */,
				EC93227298929A2C8D950859 /* amplifyconfiguration.json in Resources */,
			);
			runOnlyForDeploymentPostprocessing = 0;
		};
		9F11C9FA279CCEB60012AB33 /* Resources */ = {
			isa = PBXResourcesBuildPhase;
			buildActionMask = 2147483647;
			files = (
			);
			runOnlyForDeploymentPostprocessing = 0;
		};
		9F11CA04279CCEB60012AB33 /* Resources */ = {
			isa = PBXResourcesBuildPhase;
			buildActionMask = 2147483647;
			files = (
			);
			runOnlyForDeploymentPostprocessing = 0;
		};
/* End PBXResourcesBuildPhase section */

/* Begin PBXShellScriptBuildPhase section */
		00FA3E3B43DE2B3E02CA7008 /* [CP] Check Pods Manifest.lock */ = {
			isa = PBXShellScriptBuildPhase;
			buildActionMask = 2147483647;
			files = (
			);
			inputFileListPaths = (
			);
			inputPaths = (
				"${PODS_PODFILE_DIR_PATH}/Podfile.lock",
				"${PODS_ROOT}/Manifest.lock",
			);
			name = "[CP] Check Pods Manifest.lock";
			outputFileListPaths = (
			);
			outputPaths = (
				"$(DERIVED_FILE_DIR)/Pods-messager-appTests-checkManifestLockResult.txt",
			);
			runOnlyForDeploymentPostprocessing = 0;
			shellPath = /bin/sh;
			shellScript = "diff \"${PODS_PODFILE_DIR_PATH}/Podfile.lock\" \"${PODS_ROOT}/Manifest.lock\" > /dev/null\nif [ $? != 0 ] ; then\n    # print error to STDERR\n    echo \"error: The sandbox is not in sync with the Podfile.lock. Run 'pod install' or update your CocoaPods installation.\" >&2\n    exit 1\nfi\n# This output is used by Xcode 'outputs' to avoid re-running this script phase.\necho \"SUCCESS\" > \"${SCRIPT_OUTPUT_FILE_0}\"\n";
			showEnvVarsInLog = 0;
		};
		38D9AD21309E79C9A4ED92E0 /* [CP] Check Pods Manifest.lock */ = {
			isa = PBXShellScriptBuildPhase;
			buildActionMask = 2147483647;
			files = (
			);
			inputFileListPaths = (
			);
			inputPaths = (
				"${PODS_PODFILE_DIR_PATH}/Podfile.lock",
				"${PODS_ROOT}/Manifest.lock",
			);
			name = "[CP] Check Pods Manifest.lock";
			outputFileListPaths = (
			);
			outputPaths = (
				"$(DERIVED_FILE_DIR)/Pods-messager-app-checkManifestLockResult.txt",
			);
			runOnlyForDeploymentPostprocessing = 0;
			shellPath = /bin/sh;
			shellScript = "diff \"${PODS_PODFILE_DIR_PATH}/Podfile.lock\" \"${PODS_ROOT}/Manifest.lock\" > /dev/null\nif [ $? != 0 ] ; then\n    # print error to STDERR\n    echo \"error: The sandbox is not in sync with the Podfile.lock. Run 'pod install' or update your CocoaPods installation.\" >&2\n    exit 1\nfi\n# This output is used by Xcode 'outputs' to avoid re-running this script phase.\necho \"SUCCESS\" > \"${SCRIPT_OUTPUT_FILE_0}\"\n";
			showEnvVarsInLog = 0;
		};
		C09EE3802F6EECA144D76A52 /* [CP] Check Pods Manifest.lock */ = {
			isa = PBXShellScriptBuildPhase;
			buildActionMask = 2147483647;
			files = (
			);
			inputFileListPaths = (
			);
			inputPaths = (
				"${PODS_PODFILE_DIR_PATH}/Podfile.lock",
				"${PODS_ROOT}/Manifest.lock",
			);
			name = "[CP] Check Pods Manifest.lock";
			outputFileListPaths = (
			);
			outputPaths = (
				"$(DERIVED_FILE_DIR)/Pods-messager-app-messager-appUITests-checkManifestLockResult.txt",
			);
			runOnlyForDeploymentPostprocessing = 0;
			shellPath = /bin/sh;
			shellScript = "diff \"${PODS_PODFILE_DIR_PATH}/Podfile.lock\" \"${PODS_ROOT}/Manifest.lock\" > /dev/null\nif [ $? != 0 ] ; then\n    # print error to STDERR\n    echo \"error: The sandbox is not in sync with the Podfile.lock. Run 'pod install' or update your CocoaPods installation.\" >&2\n    exit 1\nfi\n# This output is used by Xcode 'outputs' to avoid re-running this script phase.\necho \"SUCCESS\" > \"${SCRIPT_OUTPUT_FILE_0}\"\n";
			showEnvVarsInLog = 0;
		};
		C889FDFF4495FDC6517E162A /* [CP] Embed Pods Frameworks */ = {
			isa = PBXShellScriptBuildPhase;
			buildActionMask = 2147483647;
			files = (
			);
			inputFileListPaths = (
				"${PODS_ROOT}/Target Support Files/Pods-messager-app-messager-appUITests/Pods-messager-app-messager-appUITests-frameworks-${CONFIGURATION}-input-files.xcfilelist",
			);
			inputPaths = (
			);
			name = "[CP] Embed Pods Frameworks";
			outputFileListPaths = (
				"${PODS_ROOT}/Target Support Files/Pods-messager-app-messager-appUITests/Pods-messager-app-messager-appUITests-frameworks-${CONFIGURATION}-output-files.xcfilelist",
			);
			outputPaths = (
			);
			runOnlyForDeploymentPostprocessing = 0;
			shellPath = /bin/sh;
			shellScript = "\"${PODS_ROOT}/Target Support Files/Pods-messager-app-messager-appUITests/Pods-messager-app-messager-appUITests-frameworks.sh\"\n";
			showEnvVarsInLog = 0;
		};
		D9C1AE6F1601F64666443AFC /* [CP] Embed Pods Frameworks */ = {
			isa = PBXShellScriptBuildPhase;
			buildActionMask = 2147483647;
			files = (
			);
			inputFileListPaths = (
				"${PODS_ROOT}/Target Support Files/Pods-messager-app/Pods-messager-app-frameworks-${CONFIGURATION}-input-files.xcfilelist",
			);
			inputPaths = (
			);
			name = "[CP] Embed Pods Frameworks";
			outputFileListPaths = (
				"${PODS_ROOT}/Target Support Files/Pods-messager-app/Pods-messager-app-frameworks-${CONFIGURATION}-output-files.xcfilelist",
			);
			outputPaths = (
			);
			runOnlyForDeploymentPostprocessing = 0;
			shellPath = /bin/sh;
			shellScript = "\"${PODS_ROOT}/Target Support Files/Pods-messager-app/Pods-messager-app-frameworks.sh\"\n";
			showEnvVarsInLog = 0;
		};
/* End PBXShellScriptBuildPhase section */

/* Begin PBXSourcesBuildPhase section */
		9F11C9E8279CCEB50012AB33 /* Sources */ = {
			isa = PBXSourcesBuildPhase;
			buildActionMask = 2147483647;
			files = (
				9F11CA23279CD7080012AB33 /* Message+Schema.swift in Sources */,
				9F11C9F2279CCEB50012AB33 /* ContentView.swift in Sources */,
				9F11CA2C279CDFEE0012AB33 /* MessagesView.swift in Sources */,
				9F11CA30279D1E790012AB33 /* AmplifyConnect.swift in Sources */,
				9F11C9F0279CCEB50012AB33 /* messager_appApp.swift in Sources */,
				9F11CA2E279D1A830012AB33 /* MessageRow.swift in Sources */,
				4DDC7E9B4DD7F647326FF54E /* AmplifyModels.swift in Sources */,
				C8FA0C600A42237666852D31 /* Message+Schema.swift in Sources */,
				9F11CA21279CD7080012AB33 /* AmplifyModels.swift in Sources */,
				87EA72F3A731C29541803868 /* Message.swift in Sources */,
				9F11CA22279CD7080012AB33 /* Message.swift in Sources */,
			);
			runOnlyForDeploymentPostprocessing = 0;
		};
		9F11C9F8279CCEB60012AB33 /* Sources */ = {
			isa = PBXSourcesBuildPhase;
			buildActionMask = 2147483647;
			files = (
				9F11CA01279CCEB60012AB33 /* messager_appTests.swift in Sources */,
			);
			runOnlyForDeploymentPostprocessing = 0;
		};
		9F11CA02279CCEB60012AB33 /* Sources */ = {
			isa = PBXSourcesBuildPhase;
			buildActionMask = 2147483647;
			files = (
				9F11CA0B279CCEB60012AB33 /* messager_appUITests.swift in Sources */,
				9F11CA0D279CCEB60012AB33 /* messager_appUITestsLaunchTests.swift in Sources */,
			);
			runOnlyForDeploymentPostprocessing = 0;
		};
/* End PBXSourcesBuildPhase section */

/* Begin PBXTargetDependency section */
		9F11C9FE279CCEB60012AB33 /* PBXTargetDependency */ = {
			isa = PBXTargetDependency;
			target = 9F11C9EB279CCEB50012AB33 /* messager-app */;
			targetProxy = 9F11C9FD279CCEB60012AB33 /* PBXContainerItemProxy */;
		};
		9F11CA08279CCEB60012AB33 /* PBXTargetDependency */ = {
			isa = PBXTargetDependency;
			target = 9F11C9EB279CCEB50012AB33 /* messager-app */;
			targetProxy = 9F11CA07279CCEB60012AB33 /* PBXContainerItemProxy */;
		};
/* End PBXTargetDependency section */

/* Begin XCBuildConfiguration section */
		9F11CA0E279CCEB60012AB33 /* Debug */ = {
			isa = XCBuildConfiguration;
			buildSettings = {
				ALWAYS_SEARCH_USER_PATHS = NO;
				CLANG_ANALYZER_NONNULL = YES;
				CLANG_ANALYZER_NUMBER_OBJECT_CONVERSION = YES_AGGRESSIVE;
				CLANG_CXX_LANGUAGE_STANDARD = "gnu++17";
				CLANG_CXX_LIBRARY = "libc++";
				CLANG_ENABLE_MODULES = YES;
				CLANG_ENABLE_OBJC_ARC = YES;
				CLANG_ENABLE_OBJC_WEAK = YES;
				CLANG_WARN_BLOCK_CAPTURE_AUTORELEASING = YES;
				CLANG_WARN_BOOL_CONVERSION = YES;
				CLANG_WARN_COMMA = YES;
				CLANG_WARN_CONSTANT_CONVERSION = YES;
				CLANG_WARN_DEPRECATED_OBJC_IMPLEMENTATIONS = YES;
				CLANG_WARN_DIRECT_OBJC_ISA_USAGE = YES_ERROR;
				CLANG_WARN_DOCUMENTATION_COMMENTS = YES;
				CLANG_WARN_EMPTY_BODY = YES;
				CLANG_WARN_ENUM_CONVERSION = YES;
				CLANG_WARN_INFINITE_RECURSION = YES;
				CLANG_WARN_INT_CONVERSION = YES;
				CLANG_WARN_NON_LITERAL_NULL_CONVERSION = YES;
				CLANG_WARN_OBJC_IMPLICIT_RETAIN_SELF = YES;
				CLANG_WARN_OBJC_LITERAL_CONVERSION = YES;
				CLANG_WARN_OBJC_ROOT_CLASS = YES_ERROR;
				CLANG_WARN_QUOTED_INCLUDE_IN_FRAMEWORK_HEADER = YES;
				CLANG_WARN_RANGE_LOOP_ANALYSIS = YES;
				CLANG_WARN_STRICT_PROTOTYPES = YES;
				CLANG_WARN_SUSPICIOUS_MOVE = YES;
				CLANG_WARN_UNGUARDED_AVAILABILITY = YES_AGGRESSIVE;
				CLANG_WARN_UNREACHABLE_CODE = YES;
				CLANG_WARN__DUPLICATE_METHOD_MATCH = YES;
				COPY_PHASE_STRIP = NO;
				DEBUG_INFORMATION_FORMAT = dwarf;
				ENABLE_STRICT_OBJC_MSGSEND = YES;
				ENABLE_TESTABILITY = YES;
				GCC_C_LANGUAGE_STANDARD = gnu11;
				GCC_DYNAMIC_NO_PIC = NO;
				GCC_NO_COMMON_BLOCKS = YES;
				GCC_OPTIMIZATION_LEVEL = 0;
				GCC_PREPROCESSOR_DEFINITIONS = (
					"DEBUG=1",
					"$(inherited)",
				);
				GCC_WARN_64_TO_32_BIT_CONVERSION = YES;
				GCC_WARN_ABOUT_RETURN_TYPE = YES_ERROR;
				GCC_WARN_UNDECLARED_SELECTOR = YES;
				GCC_WARN_UNINITIALIZED_AUTOS = YES_AGGRESSIVE;
				GCC_WARN_UNUSED_FUNCTION = YES;
				GCC_WARN_UNUSED_VARIABLE = YES;
				IPHONEOS_DEPLOYMENT_TARGET = 15.2;
				MTL_ENABLE_DEBUG_INFO = INCLUDE_SOURCE;
				MTL_FAST_MATH = YES;
				ONLY_ACTIVE_ARCH = YES;
				SDKROOT = iphoneos;
				SWIFT_ACTIVE_COMPILATION_CONDITIONS = DEBUG;
				SWIFT_OPTIMIZATION_LEVEL = "-Onone";
			};
			name = Debug;
		};
		9F11CA0F279CCEB60012AB33 /* Release */ = {
			isa = XCBuildConfiguration;
			buildSettings = {
				ALWAYS_SEARCH_USER_PATHS = NO;
				CLANG_ANALYZER_NONNULL = YES;
				CLANG_ANALYZER_NUMBER_OBJECT_CONVERSION = YES_AGGRESSIVE;
				CLANG_CXX_LANGUAGE_STANDARD = "gnu++17";
				CLANG_CXX_LIBRARY = "libc++";
				CLANG_ENABLE_MODULES = YES;
				CLANG_ENABLE_OBJC_ARC = YES;
				CLANG_ENABLE_OBJC_WEAK = YES;
				CLANG_WARN_BLOCK_CAPTURE_AUTORELEASING = YES;
				CLANG_WARN_BOOL_CONVERSION = YES;
				CLANG_WARN_COMMA = YES;
				CLANG_WARN_CONSTANT_CONVERSION = YES;
				CLANG_WARN_DEPRECATED_OBJC_IMPLEMENTATIONS = YES;
				CLANG_WARN_DIRECT_OBJC_ISA_USAGE = YES_ERROR;
				CLANG_WARN_DOCUMENTATION_COMMENTS = YES;
				CLANG_WARN_EMPTY_BODY = YES;
				CLANG_WARN_ENUM_CONVERSION = YES;
				CLANG_WARN_INFINITE_RECURSION = YES;
				CLANG_WARN_INT_CONVERSION = YES;
				CLANG_WARN_NON_LITERAL_NULL_CONVERSION = YES;
				CLANG_WARN_OBJC_IMPLICIT_RETAIN_SELF = YES;
				CLANG_WARN_OBJC_LITERAL_CONVERSION = YES;
				CLANG_WARN_OBJC_ROOT_CLASS = YES_ERROR;
				CLANG_WARN_QUOTED_INCLUDE_IN_FRAMEWORK_HEADER = YES;
				CLANG_WARN_RANGE_LOOP_ANALYSIS = YES;
				CLANG_WARN_STRICT_PROTOTYPES = YES;
				CLANG_WARN_SUSPICIOUS_MOVE = YES;
				CLANG_WARN_UNGUARDED_AVAILABILITY = YES_AGGRESSIVE;
				CLANG_WARN_UNREACHABLE_CODE = YES;
				CLANG_WARN__DUPLICATE_METHOD_MATCH = YES;
				COPY_PHASE_STRIP = NO;
				DEBUG_INFORMATION_FORMAT = "dwarf-with-dsym";
				ENABLE_NS_ASSERTIONS = NO;
				ENABLE_STRICT_OBJC_MSGSEND = YES;
				GCC_C_LANGUAGE_STANDARD = gnu11;
				GCC_NO_COMMON_BLOCKS = YES;
				GCC_WARN_64_TO_32_BIT_CONVERSION = YES;
				GCC_WARN_ABOUT_RETURN_TYPE = YES_ERROR;
				GCC_WARN_UNDECLARED_SELECTOR = YES;
				GCC_WARN_UNINITIALIZED_AUTOS = YES_AGGRESSIVE;
				GCC_WARN_UNUSED_FUNCTION = YES;
				GCC_WARN_UNUSED_VARIABLE = YES;
				IPHONEOS_DEPLOYMENT_TARGET = 15.2;
				MTL_ENABLE_DEBUG_INFO = NO;
				MTL_FAST_MATH = YES;
				SDKROOT = iphoneos;
				SWIFT_COMPILATION_MODE = wholemodule;
				SWIFT_OPTIMIZATION_LEVEL = "-O";
				VALIDATE_PRODUCT = YES;
			};
			name = Release;
		};
		9F11CA11279CCEB60012AB33 /* Debug */ = {
			isa = XCBuildConfiguration;
			baseConfigurationReference = D86DBD7790B7D1406FFA4F2C /* Pods-messager-app.debug.xcconfig */;
			buildSettings = {
				ASSETCATALOG_COMPILER_APPICON_NAME = AppIcon;
				ASSETCATALOG_COMPILER_GLOBAL_ACCENT_COLOR_NAME = AccentColor;
				CODE_SIGN_STYLE = Automatic;
				CURRENT_PROJECT_VERSION = 1;
				DEVELOPMENT_ASSET_PATHS = "\"messager-app/Preview Content\"";
				ENABLE_PREVIEWS = YES;
				GENERATE_INFOPLIST_FILE = YES;
				INFOPLIST_KEY_UIApplicationSceneManifest_Generation = YES;
				INFOPLIST_KEY_UIApplicationSupportsIndirectInputEvents = YES;
				INFOPLIST_KEY_UILaunchScreen_Generation = YES;
				INFOPLIST_KEY_UISupportedInterfaceOrientations_iPad = "UIInterfaceOrientationPortrait UIInterfaceOrientationPortraitUpsideDown UIInterfaceOrientationLandscapeLeft UIInterfaceOrientationLandscapeRight";
				INFOPLIST_KEY_UISupportedInterfaceOrientations_iPhone = "UIInterfaceOrientationPortrait UIInterfaceOrientationLandscapeLeft UIInterfaceOrientationLandscapeRight";
				LD_RUNPATH_SEARCH_PATHS = (
					"$(inherited)",
					"@executable_path/Frameworks",
				);
				MARKETING_VERSION = 1.0;
				PRODUCT_BUNDLE_IDENTIFIER = "sparsh.messager-app";
				PRODUCT_NAME = "$(TARGET_NAME)";
				SWIFT_EMIT_LOC_STRINGS = YES;
				SWIFT_VERSION = 5.0;
				TARGETED_DEVICE_FAMILY = "1,2";
			};
			name = Debug;
		};
		9F11CA12279CCEB60012AB33 /* Release */ = {
			isa = XCBuildConfiguration;
			baseConfigurationReference = B45F3B3EDFB8B37D089C883F /* Pods-messager-app.release.xcconfig */;
			buildSettings = {
				ASSETCATALOG_COMPILER_APPICON_NAME = AppIcon;
				ASSETCATALOG_COMPILER_GLOBAL_ACCENT_COLOR_NAME = AccentColor;
				CODE_SIGN_STYLE = Automatic;
				CURRENT_PROJECT_VERSION = 1;
				DEVELOPMENT_ASSET_PATHS = "\"messager-app/Preview Content\"";
				ENABLE_PREVIEWS = YES;
				GENERATE_INFOPLIST_FILE = YES;
				INFOPLIST_KEY_UIApplicationSceneManifest_Generation = YES;
				INFOPLIST_KEY_UIApplicationSupportsIndirectInputEvents = YES;
				INFOPLIST_KEY_UILaunchScreen_Generation = YES;
				INFOPLIST_KEY_UISupportedInterfaceOrientations_iPad = "UIInterfaceOrientationPortrait UIInterfaceOrientationPortraitUpsideDown UIInterfaceOrientationLandscapeLeft UIInterfaceOrientationLandscapeRight";
				INFOPLIST_KEY_UISupportedInterfaceOrientations_iPhone = "UIInterfaceOrientationPortrait UIInterfaceOrientationLandscapeLeft UIInterfaceOrientationLandscapeRight";
				LD_RUNPATH_SEARCH_PATHS = (
					"$(inherited)",
					"@executable_path/Frameworks",
				);
				MARKETING_VERSION = 1.0;
				PRODUCT_BUNDLE_IDENTIFIER = "sparsh.messager-app";
				PRODUCT_NAME = "$(TARGET_NAME)";
				SWIFT_EMIT_LOC_STRINGS = YES;
				SWIFT_VERSION = 5.0;
				TARGETED_DEVICE_FAMILY = "1,2";
			};
			name = Release;
		};
		9F11CA14279CCEB60012AB33 /* Debug */ = {
			isa = XCBuildConfiguration;
			baseConfigurationReference = 739DBE268A4ED05A9916CBB1 /* Pods-messager-appTests.debug.xcconfig */;
			buildSettings = {
				ALWAYS_EMBED_SWIFT_STANDARD_LIBRARIES = YES;
				BUNDLE_LOADER = "$(TEST_HOST)";
				CODE_SIGN_STYLE = Automatic;
				CURRENT_PROJECT_VERSION = 1;
				GENERATE_INFOPLIST_FILE = YES;
				IPHONEOS_DEPLOYMENT_TARGET = 15.2;
				MARKETING_VERSION = 1.0;
				PRODUCT_BUNDLE_IDENTIFIER = "sparsh.messager-appTests";
				PRODUCT_NAME = "$(TARGET_NAME)";
				SWIFT_EMIT_LOC_STRINGS = NO;
				SWIFT_VERSION = 5.0;
				TARGETED_DEVICE_FAMILY = "1,2";
				TEST_HOST = "$(BUILT_PRODUCTS_DIR)/messager-app.app/messager-app";
			};
			name = Debug;
		};
		9F11CA15279CCEB60012AB33 /* Release */ = {
			isa = XCBuildConfiguration;
			baseConfigurationReference = F08848652257214C65EC6E52 /* Pods-messager-appTests.release.xcconfig */;
			buildSettings = {
				ALWAYS_EMBED_SWIFT_STANDARD_LIBRARIES = YES;
				BUNDLE_LOADER = "$(TEST_HOST)";
				CODE_SIGN_STYLE = Automatic;
				CURRENT_PROJECT_VERSION = 1;
				GENERATE_INFOPLIST_FILE = YES;
				IPHONEOS_DEPLOYMENT_TARGET = 15.2;
				MARKETING_VERSION = 1.0;
				PRODUCT_BUNDLE_IDENTIFIER = "sparsh.messager-appTests";
				PRODUCT_NAME = "$(TARGET_NAME)";
				SWIFT_EMIT_LOC_STRINGS = NO;
				SWIFT_VERSION = 5.0;
				TARGETED_DEVICE_FAMILY = "1,2";
				TEST_HOST = "$(BUILT_PRODUCTS_DIR)/messager-app.app/messager-app";
			};
			name = Release;
		};
		9F11CA17279CCEB60012AB33 /* Debug */ = {
			isa = XCBuildConfiguration;
			baseConfigurationReference = 1F1C2B1F42E46731EA948573 /* Pods-messager-app-messager-appUITests.debug.xcconfig */;
			buildSettings = {
				ALWAYS_EMBED_SWIFT_STANDARD_LIBRARIES = YES;
				CODE_SIGN_STYLE = Automatic;
				CURRENT_PROJECT_VERSION = 1;
				GENERATE_INFOPLIST_FILE = YES;
				MARKETING_VERSION = 1.0;
				PRODUCT_BUNDLE_IDENTIFIER = "sparsh.messager-appUITests";
				PRODUCT_NAME = "$(TARGET_NAME)";
				SWIFT_EMIT_LOC_STRINGS = NO;
				SWIFT_VERSION = 5.0;
				TARGETED_DEVICE_FAMILY = "1,2";
				TEST_TARGET_NAME = "messager-app";
			};
			name = Debug;
		};
		9F11CA18279CCEB60012AB33 /* Release */ = {
			isa = XCBuildConfiguration;
			baseConfigurationReference = 541120C35401C6F5206E8782 /* Pods-messager-app-messager-appUITests.release.xcconfig */;
			buildSettings = {
				ALWAYS_EMBED_SWIFT_STANDARD_LIBRARIES = YES;
				CODE_SIGN_STYLE = Automatic;
				CURRENT_PROJECT_VERSION = 1;
				GENERATE_INFOPLIST_FILE = YES;
				MARKETING_VERSION = 1.0;
				PRODUCT_BUNDLE_IDENTIFIER = "sparsh.messager-appUITests";
				PRODUCT_NAME = "$(TARGET_NAME)";
				SWIFT_EMIT_LOC_STRINGS = NO;
				SWIFT_VERSION = 5.0;
				TARGETED_DEVICE_FAMILY = "1,2";
				TEST_TARGET_NAME = "messager-app";
			};
			name = Release;
		};
/* End XCBuildConfiguration section */

/* Begin XCConfigurationList section */
		9F11C9E7279CCEB50012AB33 /* Build configuration list for PBXProject "messager-app" */ = {
			isa = XCConfigurationList;
			buildConfigurations = (
				9F11CA0E279CCEB60012AB33 /* Debug */,
				9F11CA0F279CCEB60012AB33 /* Release */,
			);
			defaultConfigurationIsVisible = 0;
			defaultConfigurationName = Release;
		};
		9F11CA10279CCEB60012AB33 /* Build configuration list for PBXNativeTarget "messager-app" */ = {
			isa = XCConfigurationList;
			buildConfigurations = (
				9F11CA11279CCEB60012AB33 /* Debug */,
				9F11CA12279CCEB60012AB33 /* Release */,
			);
			defaultConfigurationIsVisible = 0;
			defaultConfigurationName = Release;
		};
		9F11CA13279CCEB60012AB33 /* Build configuration list for PBXNativeTarget "messager-appTests" */ = {
			isa = XCConfigurationList;
			buildConfigurations = (
				9F11CA14279CCEB60012AB33 /* Debug */,
				9F11CA15279CCEB60012AB33 /* Release */,
			);
			defaultConfigurationIsVisible = 0;
			defaultConfigurationName = Release;
		};
		9F11CA16279CCEB60012AB33 /* Build configuration list for PBXNativeTarget "messager-appUITests" */ = {
			isa = XCConfigurationList;
			buildConfigurations = (
				9F11CA17279CCEB60012AB33 /* Debug */,
				9F11CA18279CCEB60012AB33 /* Release */,
			);
			defaultConfigurationIsVisible = 0;
			defaultConfigurationName = Release;
		};
/* End XCConfigurationList section */
	};
	rootObject = 9F11C9E4279CCEB50012AB33 /* Project object */;
}
